schema: '2.0'
stages:
  get_data:
    cmd: python get_data.py
    deps:
    - path: get_data.py
      md5: 7c59b1b3c1367fb186bfc531e6336b27
      size: 603
    outs:
    - path: dataset/test_features.csv
      md5: 521860f3bc5a91e9a8932a79e3accc34
      size: 127761
    - path: dataset/test_labels.csv
      md5: 47029180957f78925fdfc98eafc330c2
      size: 6500
    - path: dataset/train_features.csv
      md5: 1d0a464d72e294b602758e544d134164
      size: 383275
    - path: dataset/train_labels.csv
      md5: 5c8d3c4b87571f3f8ad789b98c00f2b9
      size: 19500
  train:
    cmd: python train.py
    deps:
    - path: dataset/test_features.csv
      md5: 521860f3bc5a91e9a8932a79e3accc34
      size: 127761
    - path: dataset/test_labels.csv
      md5: 47029180957f78925fdfc98eafc330c2
      size: 6500
    - path: dataset/train_features.csv
      md5: 1d0a464d72e294b602758e544d134164
      size: 383275
    - path: dataset/train_labels.csv
      md5: 5c8d3c4b87571f3f8ad789b98c00f2b9
      size: 19500
    - path: train.py
      md5: 6f8f0aaacf01d0e42611a407d72fb38a
      size: 789
    outs:
    - path: metrics.json
      md5: 727217aaa8223db08921d76c14182e62
      size: 21
    - path: plot.png
      md5: 1ec63f3b6d37b83189e28a082b2da1e0
      size: 16900
